{
  "name": "view-client",
  "version": "1.0.0",
  "lockfileVersion": 2,
  "requires": true,
  "packages": {
    "": {
      "name": "view-client",
      "version": "1.0.0",
      "license": "MIT",
      "dependencies": {
        "@markwhen/parser": "^0.4.9"
      },
      "devDependencies": {
        "typescript": "^4.9.5"
      }
    },
    "node_modules/@markwhen/parser": {
      "version": "0.4.9",
      "resolved": "https://registry.npmjs.org/@markwhen/parser/-/parser-0.4.9.tgz",
      "integrity": "sha512-j9Gc9oATFfjwm3Kwj3oZq5mLR9JryPqQoZVaPPp5TIJ32/NzjPHzmigHaZQSjl7VPQPIFPMEeW6ob79YORy89g==",
      "dependencies": {
        "lru-cache": "^7.14.1",
        "luxon": "^2.4.0"
      }
    },
    "node_modules/lru-cache": {
      "version": "7.14.1",
      "resolved": "https://registry.npmjs.org/lru-cache/-/lru-cache-7.14.1.tgz",
      "integrity": "sha512-ysxwsnTKdAx96aTRdhDOCQfDgbHnt8SK0KY8SEjO0wHinhWOFTESbjVCMPbU1uGXg/ch4lifqx0wfjOawU2+WA==",
      "engines": {
        "node": ">=12"
      }
    },
    "node_modules/luxon": {
      "version": "2.5.2",
      "resolved": "https://registry.npmjs.org/luxon/-/luxon-2.5.2.tgz",
      "integrity": "sha512-Yg7/RDp4nedqmLgyH0LwgGRvMEKVzKbUdkBYyCosbHgJ+kaOUx0qzSiSatVc3DFygnirTPYnMM2P5dg2uH1WvA==",
      "engines": {
        "node": ">=12"
      }
    },
    "node_modules/typescript": {
      "version": "4.9.5",
      "resolved": "https://registry.npmjs.org/typescript/-/typescript-4.9.5.tgz",
      "integrity": "sha512-1FXk9E2Hm+QzZQ7z+McJiHL4NW1F2EzMu9Nq9i3zAaGqibafqYwCVU6WyWAuyQRRzOlxou8xZSyXLEN8oKj24g==",
      "dev": true,
      "bin": {
        "tsc": "bin/tsc",
        "tsserver": "bin/tsserver"
      },
      "engines": {
        "node": ">=4.2.0"
      }
    }
  },
  "dependencies": {
    "@markwhen/parser": {
      "version": "0.4.9",
      "resolved": "https://registry.npmjs.org/@markwhen/parser/-/parser-0.4.9.tgz",
      "integrity": "sha512-j9Gc9oATFfjwm3Kwj3oZq5mLR9JryPqQoZVaPPp5TIJ32/NzjPHzmigHaZQSjl7VPQPIFPMEeW6ob79YORy89g==",
      "requires": {
        "lru-cache": "^7.14.1",
        "luxon": "^2.4.0"
      }
    },
    "lru-cache": {
      "version": "7.14.1",
      "resolved": "https://registry.npmjs.org/lru-cache/-/lru-cache-7.14.1.tgz",
      "integrity": "sha512-ysxwsnTKdAx96aTRdhDOCQfDgbHnt8SK0KY8SEjO0wHinhWOFTESbjVCMPbU1uGXg/ch4lifqx0wfjOawU2+WA=="
    },
    "luxon": {
      "version": "2.5.2",
      "resolved": "https://registry.npmjs.org/luxon/-/luxon-2.5.2.tgz",
      "integrity": "sha512-Yg7/RDp4nedqmLgyH0LwgGRvMEKVzKbUdkBYyCosbHgJ+kaOUx0qzSiSatVc3DFygnirTPYnMM2P5dg2uH1WvA=="
    },
    "typescript": {
      "version": "4.9.5",
      "resolved": "https://registry.npmjs.org/typescript/-/typescript-4.9.5.tgz",
      "integrity": "sha512-1FXk9E2Hm+QzZQ7z+McJiHL4NW1F2EzMu9Nq9i3zAaGqibafqYwCVU6WyWAuyQRRzOlxou8xZSyXLEN8oKj24g==",
      "dev": true
    }
  }
}
